
Microsoft Visual Studio Solution File, Format Version 12.00
# Visual Studio Version 17
VisualStudioVersion = 17.7.34031.279
MinimumVisualStudioVersion = 10.0.40219.1
Project("{FAE04EC0-301F-11D3-BF4B-00C04F79EFBC}") = "AllwaysCanEmote", "AllwaysCanEmote\AllwaysCanEmote.csproj", "{55CC0A01-BB7B-4ABD-8F00-FFE22548C5DE}"
EndProject
Global
	GlobalSection(SolutionConfigurationPlatforms) = preSolution
		Debug|Any CPU = Debug|Any CPU
		Release|Any CPU = Release|Any CPU
	EndGlobalSection
	GlobalSection(ProjectConfigurationPlatforms) = postSolution
		{55CC0A01-BB7B-4ABD-8F00-FFE22548C5DE}.Debug|Any CPU.ActiveCfg = Debug|Any CPU
		{55CC0A01-BB7B-4ABD-8F00-FFE22548C5DE}.Debug|Any CPU.Build.0 = Debug|Any CPU
		{55CC0A01-BB7B-4ABD-8F00-FFE22548C5DE}.Release|Any CPU.ActiveCfg = Release|Any CPU
		{55CC0A01-BB7B-4ABD-8F00-FFE22548C5DE}.Release|Any CPU.Build.0 = Release|Any CPU
	EndGlobalSection
	GlobalSection(SolutionProperties) = preSolution
		HideSolutionNode = FALSE
	EndGlobalSection
	GlobalSection(ExtensibilityGlobals) = postSolution
		SolutionGuid = {2615DE3A-C4E7-474B-8C21-030037920A03}
	EndGlobalSection
EndGlobal
